{
  "version": 4,
  "terraform_version": "0.12.17",
  "serial": 11,
  "lineage": "7fb5ae28-4c32-40d7-b321-e0ee768aa489",
  "outputs": {},
  "resources": [
    {
      "mode": "managed",
      "type": "aws_instance",
      "name": "imageofpacker1",
      "provider": "provider.aws",
      "instances": [
        {
          "schema_version": 1,
          "attributes": {
            "ami": "ami-0274693c55e40cd33",
            "arn": "arn:aws:ec2:us-east-1:218913274184:instance/i-0678fe1c8203f54cd",
            "associate_public_ip_address": true,
            "availability_zone": "us-east-1a",
            "cpu_core_count": 1,
            "cpu_threads_per_core": 1,
            "credit_specification": [
              {
                "cpu_credits": "standard"
              }
            ],
            "disable_api_termination": false,
            "ebs_block_device": [],
            "ebs_optimized": false,
            "ephemeral_block_device": [],
            "get_password_data": false,
            "host_id": null,
            "iam_instance_profile": "",
            "id": "i-0678fe1c8203f54cd",
            "instance_initiated_shutdown_behavior": null,
            "instance_state": "running",
            "instance_type": "t2.micro",
            "ipv6_address_count": 0,
            "ipv6_addresses": [],
            "key_name": "my-key",
            "monitoring": false,
            "network_interface": [],
            "network_interface_id": null,
            "password_data": "",
            "placement_group": "",
            "primary_network_interface_id": "eni-08edb137a3beef45f",
            "private_dns": "ip-172-31-92-67.ec2.internal",
            "private_ip": "172.31.92.67",
            "public_dns": "ec2-52-205-167-163.compute-1.amazonaws.com",
            "public_ip": "52.205.167.163",
            "root_block_device": [
              {
                "delete_on_termination": false,
                "encrypted": false,
                "iops": 100,
                "kms_key_id": "",
                "volume_id": "vol-091005693fde12605",
                "volume_size": 8,
                "volume_type": "gp2"
              }
            ],
            "security_groups": [
              "imageofpacker1"
            ],
            "source_dest_check": true,
            "subnet_id": "subnet-935c17bd",
            "tags": {},
            "tenancy": "default",
            "timeouts": null,
            "user_data": null,
            "user_data_base64": null,
            "volume_tags": {},
            "vpc_security_group_ids": [
              "sg-099390fbcdb2e147a"
            ]
          },
          "private": "eyJlMmJmYjczMC1lY2FhLTExZTYtOGY4OC0zNDM2M2JjN2M0YzAiOnsiY3JlYXRlIjo2MDAwMDAwMDAwMDAsImRlbGV0ZSI6MTIwMDAwMDAwMDAwMCwidXBkYXRlIjo2MDAwMDAwMDAwMDB9LCJzY2hlbWFfdmVyc2lvbiI6IjEifQ==",
          "dependencies": [
            "aws_security_group.imageofpacker1"
          ]
        }
      ]
    },
    {
      "mode": "managed",
      "type": "aws_key_pair",
      "name": "my-key",
      "provider": "provider.aws",
      "instances": [
        {
          "schema_version": 1,
          "attributes": {
            "fingerprint": "b3:72:87:59:f9:1a:45:96:2e:d7:d5:42:94:61:3e:14",
            "id": "my-key",
            "key_name": "my-key",
            "key_name_prefix": null,
            "public_key": "ssh-rsa AAAAB3NzaC1yc2EAAAADAQABAAABgQCgXjRFblNhoI1g7cvYc0IgOySI6brhBoK++IozOS5IjKhgl7EEKffiiMO6RCcyWV0zjddLXnkGrNfA7Juy3pz/zN8ND6Y/BgbuEfIOHX3C7W+7haNo7B1RdOCpzgXvAcRN3EQNgKODFK1R2q5DoQV74jMWSgdwat/Ve+L96aBkFnTWGGzv5/IX0iP1DignrzLSagHvE70jmv3I/VsjUIHFEYcQk4Wuzgsne0w82GpgxfcWFfIOEtLoHWtcJmiVgcIkDqsD/x5PwkqG/4qWNNfVqgxUlssIgOL5zouMClWF9yReeuldk5sOQV79opf0bSKa9dk26eXzNffan9NFCd6JB83OhL/Lrl6gSXoMu/IFj3Js3bvfQOurdf3xetacek6nvqr5JAImyKnbt43/TRsfD4vv0ftrgI53WCm5NROT3/jvPnfRXJUQnmWgITTx/J/s6cAGwSU0UDi6GcKgrWTLF0si5ps/QxEZIC+YwChu59dgVEKebW97yMHKWlZez3E= heldo@heldo-Latitude-3490"
          },
          "private": "eyJzY2hlbWFfdmVyc2lvbiI6IjEifQ=="
        }
      ]
    },
    {
      "mode": "managed",
      "type": "aws_security_group",
      "name": "imageofpacker1",
      "provider": "provider.aws",
      "instances": [
        {
          "schema_version": 1,
          "attributes": {
            "arn": "arn:aws:ec2:us-east-1:218913274184:security-group/sg-099390fbcdb2e147a",
            "description": "Managed by Terraform",
            "egress": [
              {
                "cidr_blocks": [
                  "0.0.0.0/0"
                ],
                "description": "",
                "from_port": 443,
                "ipv6_cidr_blocks": [],
                "prefix_list_ids": [],
                "protocol": "tcp",
                "security_groups": [],
                "self": false,
                "to_port": 443
              },
              {
                "cidr_blocks": [
                  "0.0.0.0/0"
                ],
                "description": "",
                "from_port": 80,
                "ipv6_cidr_blocks": [],
                "prefix_list_ids": [],
                "protocol": "tcp",
                "security_groups": [],
                "self": false,
                "to_port": 80
              }
            ],
            "id": "sg-099390fbcdb2e147a",
            "ingress": [
              {
                "cidr_blocks": [
                  "0.0.0.0/0"
                ],
                "description": "",
                "from_port": 443,
                "ipv6_cidr_blocks": [],
                "prefix_list_ids": [],
                "protocol": "tcp",
                "security_groups": [],
                "self": false,
                "to_port": 443
              },
              {
                "cidr_blocks": [
                  "0.0.0.0/0"
                ],
                "description": "",
                "from_port": 80,
                "ipv6_cidr_blocks": [],
                "prefix_list_ids": [],
                "protocol": "tcp",
                "security_groups": [],
                "self": false,
                "to_port": 80
              },
              {
                "cidr_blocks": [
                  "177.70.100.10/32"
                ],
                "description": "",
                "from_port": 22,
                "ipv6_cidr_blocks": [],
                "prefix_list_ids": [],
                "protocol": "tcp",
                "security_groups": [],
                "self": false,
                "to_port": 22
              }
            ],
            "name": "imageofpacker1",
            "name_prefix": null,
            "owner_id": "218913274184",
            "revoke_rules_on_delete": false,
            "tags": {},
            "timeouts": null,
            "vpc_id": "vpc-fc37ae86"
          },
          "private": "eyJlMmJmYjczMC1lY2FhLTExZTYtOGY4OC0zNDM2M2JjN2M0YzAiOnsiY3JlYXRlIjo2MDAwMDAwMDAwMDAsImRlbGV0ZSI6NjAwMDAwMDAwMDAwfSwic2NoZW1hX3ZlcnNpb24iOiIxIn0="
        }
      ]
    }
  ]
}
